
Microsoft Visual Studio Solution File, Format Version 12.00
# Visual Studio Version 17
VisualStudioVersion = 17.1.32210.238
MinimumVisualStudioVersion = 10.0.40219.1
Project("{FAE04EC0-301F-11D3-BF4B-00C04F79EFBC}") = "UC14ThirdPartyLibCsvAddressBook", "UC14ThirdPartyLibCsvAddressBook.csproj", "{6D340E4A-0C4D-4918-94F8-9961E30888E3}"
EndProject
Global
	GlobalSection(SolutionConfigurationPlatforms) = preSolution
		Debug|Any CPU = Debug|Any CPU
		Release|Any CPU = Release|Any CPU
	EndGlobalSection
	GlobalSection(ProjectConfigurationPlatforms) = postSolution
		{6D340E4A-0C4D-4918-94F8-9961E30888E3}.Debug|Any CPU.ActiveCfg = Debug|Any CPU
		{6D340E4A-0C4D-4918-94F8-9961E30888E3}.Debug|Any CPU.Build.0 = Debug|Any CPU
		{6D340E4A-0C4D-4918-94F8-9961E30888E3}.Release|Any CPU.ActiveCfg = Release|Any CPU
		{6D340E4A-0C4D-4918-94F8-9961E30888E3}.Release|Any CPU.Build.0 = Release|Any CPU
	EndGlobalSection
	GlobalSection(SolutionProperties) = preSolution
		HideSolutionNode = FALSE
	EndGlobalSection
	GlobalSection(ExtensibilityGlobals) = postSolution
		SolutionGuid = {524D80DB-C394-4EF1-AC56-57A40CC2B6FC}
	EndGlobalSection
EndGlobal
